// !$*UTF8*$!
{
	archiveVersion = 1;
	classes = {
	};
	objectVersion = 55;
	objects = {

/* Begin PBXBuildFile section */
		B8D14140274FA65B00244EBD /* ArticelsApp.swift in Sources */ = {isa = PBXBuildFile; fileRef = B8D1413F274FA65B00244EBD /* ArticelsApp.swift */; };
		B8D14142274FA65B00244EBD /* ContentView.swift in Sources */ = {isa = PBXBuildFile; fileRef = B8D14141274FA65B00244EBD /* ContentView.swift */; };
		B8D14144274FA65D00244EBD /* Assets.xcassets in Resources */ = {isa = PBXBuildFile; fileRef = B8D14143274FA65D00244EBD /* Assets.xcassets */; };
		B8D14147274FA65D00244EBD /* Preview Assets.xcassets in Resources */ = {isa = PBXBuildFile; fileRef = B8D14146274FA65D00244EBD /* Preview Assets.xcassets */; };
		B8D1414F274FA6A000244EBD /* ArticlesDataModel.xcdatamodeld in Sources */ = {isa = PBXBuildFile; fileRef = B8D1414D274FA6A000244EBD /* ArticlesDataModel.xcdatamodeld */; };
		B8D14151274FA75700244EBD /* CoreDataManager.swift in Sources */ = {isa = PBXBuildFile; fileRef = B8D14150274FA75700244EBD /* CoreDataManager.swift */; };
		B8D14153274FA87900244EBD /* Sport.swift in Sources */ = {isa = PBXBuildFile; fileRef = B8D14152274FA87900244EBD /* Sport.swift */; };
		B8D14155274FAEB400244EBD /* Comedy.swift in Sources */ = {isa = PBXBuildFile; fileRef = B8D14154274FAEB400244EBD /* Comedy.swift */; };
		B8D14157274FAF6E00244EBD /* Politics.swift in Sources */ = {isa = PBXBuildFile; fileRef = B8D14156274FAF6E00244EBD /* Politics.swift */; };
		B8D1415927503CB600244EBD /* ViewModel.swift in Sources */ = {isa = PBXBuildFile; fileRef = B8D1415827503CB600244EBD /* ViewModel.swift */; };
		B8D1415B2750AB1100244EBD /* ImagePicker.swift in Sources */ = {isa = PBXBuildFile; fileRef = B8D1415A2750AB1100244EBD /* ImagePicker.swift */; };
/* End PBXBuildFile section */

/* Begin PBXFileReference section */
		B8D1413C274FA65B00244EBD /* Articels.app */ = {isa = PBXFileReference; explicitFileType = wrapper.application; includeInIndex = 0; path = Articels.app; sourceTree = BUILT_PRODUCTS_DIR; };
		B8D1413F274FA65B00244EBD /* ArticelsApp.swift */ = {isa = PBXFileReference; lastKnownFileType = sourcecode.swift; path = ArticelsApp.swift; sourceTree = "<group>"; };
		B8D14141274FA65B00244EBD /* ContentView.swift */ = {isa = PBXFileReference; lastKnownFileType = sourcecode.swift; path = ContentView.swift; sourceTree = "<group>"; };
		B8D14143274FA65D00244EBD /* Assets.xcassets */ = {isa = PBXFileReference; lastKnownFileType = folder.assetcatalog; path = Assets.xcassets; sourceTree = "<group>"; };
		B8D14146274FA65D00244EBD /* Preview Assets.xcassets */ = {isa = PBXFileReference; lastKnownFileType = folder.assetcatalog; path = "Preview Assets.xcassets"; sourceTree = "<group>"; };
		B8D1414E274FA6A000244EBD /* ArticlesDataModel.xcdatamodel */ = {isa = PBXFileReference; lastKnownFileType = wrapper.xcdatamodel; path = ArticlesDataModel.xcdatamodel; sourceTree = "<group>"; };
		B8D14150274FA75700244EBD /* CoreDataManager.swift */ = {isa = PBXFileReference; lastKnownFileType = sourcecode.swift; path = CoreDataManager.swift; sourceTree = "<group>"; };
		B8D14152274FA87900244EBD /* Sport.swift */ = {isa = PBXFileReference; lastKnownFileType = sourcecode.swift; path = Sport.swift; sourceTree = "<group>"; };
		B8D14154274FAEB400244EBD /* Comedy.swift */ = {isa = PBXFileReference; lastKnownFileType = sourcecode.swift; path = Comedy.swift; sourceTree = "<group>"; };
		B8D14156274FAF6E00244EBD /* Politics.swift */ = {isa = PBXFileReference; lastKnownFileType = sourcecode.swift; path = Politics.swift; sourceTree = "<group>"; };
		B8D1415827503CB600244EBD /* ViewModel.swift */ = {isa = PBXFileReference; lastKnownFileType = sourcecode.swift; path = ViewModel.swift; sourceTree = "<group>"; };
		B8D1415A2750AB1100244EBD /* ImagePicker.swift */ = {isa = PBXFileReference; lastKnownFileType = sourcecode.swift; path = ImagePicker.swift; sourceTree = "<group>"; };
/* End PBXFileReference section */

/* Begin PBXFrameworksBuildPhase section */
		B8D14139274FA65B00244EBD /* Frameworks */ = {
			isa = PBXFrameworksBuildPhase;
			buildActionMask = 2147483647;
			files = (
			);
			runOnlyForDeploymentPostprocessing = 0;
		};
/* End PBXFrameworksBuildPhase section */

/* Begin PBXGroup section */
		B8D14133274FA65B00244EBD = {
			isa = PBXGroup;
			children = (
				B8D1413E274FA65B00244EBD /* Articels */,
				B8D1413D274FA65B00244EBD /* Products */,
			);
			sourceTree = "<group>";
		};
		B8D1413D274FA65B00244EBD /* Products */ = {
			isa = PBXGroup;
			children = (
				B8D1413C274FA65B00244EBD /* Articels.app */,
			);
			name = Products;
			sourceTree = "<group>";
		};
		B8D1413E274FA65B00244EBD /* Articels */ = {
			isa = PBXGroup;
			children = (
				B8D1413F274FA65B00244EBD /* ArticelsApp.swift */,
				B8D14141274FA65B00244EBD /* ContentView.swift */,
				B8D14143274FA65D00244EBD /* Assets.xcassets */,
				B8D14145274FA65D00244EBD /* Preview Content */,
				B8D1414D274FA6A000244EBD /* ArticlesDataModel.xcdatamodeld */,
				B8D14150274FA75700244EBD /* CoreDataManager.swift */,
				B8D14152274FA87900244EBD /* Sport.swift */,
				B8D14154274FAEB400244EBD /* Comedy.swift */,
				B8D14156274FAF6E00244EBD /* Politics.swift */,
				B8D1415827503CB600244EBD /* ViewModel.swift */,
				B8D1415A2750AB1100244EBD /* ImagePicker.swift */,
			);
			path = Articels;
			sourceTree = "<group>";
		};
		B8D14145274FA65D00244EBD /* Preview Content */ = {
			isa = PBXGroup;
			children = (
				B8D14146274FA65D00244EBD /* Preview Assets.xcassets */,
			);
			path = "Preview Content";
			sourceTree = "<group>";
		};
/* End PBXGroup section */

/* Begin PBXNativeTarget section */
		B8D1413B274FA65B00244EBD /* Articels */ = {
			isa = PBXNativeTarget;
			buildConfigurationList = B8D1414A274FA65D00244EBD /* Build configuration list for PBXNativeTarget "Articels" */;
			buildPhases = (
				B8D14138274FA65B00244EBD /* Sources */,
				B8D14139274FA65B00244EBD /* Frameworks */,
				B8D1413A274FA65B00244EBD /* Resources */,
			);
			buildRules = (
			);
			dependencies = (
			);
			name = Articels;
			productName = Articels;
			productReference = B8D1413C274FA65B00244EBD /* Articels.app */;
			productType = "com.apple.product-type.application";
		};
/* End PBXNativeTarget section */

/* Begin PBXProject section */
		B8D14134274FA65B00244EBD /* Project object */ = {
			isa = PBXProject;
			attributes = {
				BuildIndependentTargetsInParallel = 1;
				LastSwiftUpdateCheck = 1310;
				LastUpgradeCheck = 1310;
				TargetAttributes = {
					B8D1413B274FA65B00244EBD = {
						CreatedOnToolsVersion = 13.1;
					};
				};
			};
			buildConfigurationList = B8D14137274FA65B00244EBD /* Build configuration list for PBXProject "Articels" */;
			compatibilityVersion = "Xcode 13.0";
			developmentRegion = en;
			hasScannedForEncodings = 0;
			knownRegions = (
				en,
				Base,
			);
			mainGroup = B8D14133274FA65B00244EBD;
			productRefGroup = B8D1413D274FA65B00244EBD /* Products */;
			projectDirPath = "";
			projectRoot = "";
			targets = (
				B8D1413B274FA65B00244EBD /* Articels */,
			);
		};
/* End PBXProject section */

/* Begin PBXResourcesBuildPhase section */
		B8D1413A274FA65B00244EBD /* Resources */ = {
			isa = PBXResourcesBuildPhase;
			buildActionMask = 2147483647;
			files = (
				B8D14147274FA65D00244EBD /* Preview Assets.xcassets in Resources */,
				B8D14144274FA65D00244EBD /* Assets.xcassets in Resources */,
			);
			runOnlyForDeploymentPostprocessing = 0;
		};
/* End PBXResourcesBuildPhase section */

/* Begin PBXSourcesBuildPhase section */
		B8D14138274FA65B00244EBD /* Sources */ = {
			isa = PBXSourcesBuildPhase;
			buildActionMask = 2147483647;
			files = (
				B8D14155274FAEB400244EBD /* Comedy.swift in Sources */,
				B8D14153274FA87900244EBD /* Sport.swift in Sources */,
				B8D14142274FA65B00244EBD /* ContentView.swift in Sources */,
				B8D1415B2750AB1100244EBD /* ImagePicker.swift in Sources */,
				B8D14140274FA65B00244EBD /* ArticelsApp.swift in Sources */,
				B8D14157274FAF6E00244EBD /* Politics.swift in Sources */,
				B8D14151274FA75700244EBD /* CoreDataManager.swift in Sources */,
				B8D1415927503CB600244EBD /* ViewModel.swift in Sources */,
				B8D1414F274FA6A000244EBD /* ArticlesDataModel.xcdatamodeld in Sources */,
			);
			runOnlyForDeploymentPostprocessing = 0;
		};
/* End PBXSourcesBuildPhase section */

/* Begin XCBuildConfiguration section */
		B8D14148274FA65D00244EBD /* Debug */ = {
			isa = XCBuildConfiguration;
			buildSettings = {
				ALWAYS_SEARCH_USER_PATHS = NO;
				CLANG_ANALYZER_NONNULL = YES;
				CLANG_ANALYZER_NUMBER_OBJECT_CONVERSION = YES_AGGRESSIVE;
				CLANG_CXX_LANGUAGE_STANDARD = "gnu++17";
				CLANG_CXX_LIBRARY = "libc++";
				CLANG_ENABLE_MODULES = YES;
				CLANG_ENABLE_OBJC_ARC = YES;
				CLANG_ENABLE_OBJC_WEAK = YES;
				CLANG_WARN_BLOCK_CAPTURE_AUTORELEASING = YES;
				CLANG_WARN_BOOL_CONVERSION = YES;
				CLANG_WARN_COMMA = YES;
				CLANG_WARN_CONSTANT_CONVERSION = YES;
				CLANG_WARN_DEPRECATED_OBJC_IMPLEMENTATIONS = YES;
				CLANG_WARN_DIRECT_OBJC_ISA_USAGE = YES_ERROR;
				CLANG_WARN_DOCUMENTATION_COMMENTS = YES;
				CLANG_WARN_EMPTY_BODY = YES;
				CLANG_WARN_ENUM_CONVERSION = YES;
				CLANG_WARN_INFINITE_RECURSION = YES;
				CLANG_WARN_INT_CONVERSION = YES;
				CLANG_WARN_NON_LITERAL_NULL_CONVERSION = YES;
				CLANG_WARN_OBJC_IMPLICIT_RETAIN_SELF = YES;
				CLANG_WARN_OBJC_LITERAL_CONVERSION = YES;
				CLANG_WARN_OBJC_ROOT_CLASS = YES_ERROR;
				CLANG_WARN_QUOTED_INCLUDE_IN_FRAMEWORK_HEADER = YES;
				CLANG_WARN_RANGE_LOOP_ANALYSIS = YES;
				CLANG_WARN_STRICT_PROTOTYPES = YES;
				CLANG_WARN_SUSPICIOUS_MOVE = YES;
				CLANG_WARN_UNGUARDED_AVAILABILITY = YES_AGGRESSIVE;
				CLANG_WARN_UNREACHABLE_CODE = YES;
				CLANG_WARN__DUPLICATE_METHOD_MATCH = YES;
				COPY_PHASE_STRIP = NO;
				DEBUG_INFORMATION_FORMAT = dwarf;
				ENABLE_STRICT_OBJC_MSGSEND = YES;
				ENABLE_TESTABILITY = YES;
				GCC_C_LANGUAGE_STANDARD = gnu11;
				GCC_DYNAMIC_NO_PIC = NO;
				GCC_NO_COMMON_BLOCKS = YES;
				GCC_OPTIMIZATION_LEVEL = 0;
				GCC_PREPROCESSOR_DEFINITIONS = (
					"DEBUG=1",
					"$(inherited)",
				);
				GCC_WARN_64_TO_32_BIT_CONVERSION = YES;
				GCC_WARN_ABOUT_RETURN_TYPE = YES_ERROR;
				GCC_WARN_UNDECLARED_SELECTOR = YES;
				GCC_WARN_UNINITIALIZED_AUTOS = YES_AGGRESSIVE;
				GCC_WARN_UNUSED_FUNCTION = YES;
				GCC_WARN_UNUSED_VARIABLE = YES;
				IPHONEOS_DEPLOYMENT_TARGET = 15.0;
				MTL_ENABLE_DEBUG_INFO = INCLUDE_SOURCE;
				MTL_FAST_MATH = YES;
				ONLY_ACTIVE_ARCH = YES;
				SDKROOT = iphoneos;
				SWIFT_ACTIVE_COMPILATION_CONDITIONS = DEBUG;
				SWIFT_OPTIMIZATION_LEVEL = "-Onone";
			};
			name = Debug;
		};
		B8D14149274FA65D00244EBD /* Release */ = {
			isa = XCBuildConfiguration;
			buildSettings = {
				ALWAYS_SEARCH_USER_PATHS = NO;
				CLANG_ANALYZER_NONNULL = YES;
				CLANG_ANALYZER_NUMBER_OBJECT_CONVERSION = YES_AGGRESSIVE;
				CLANG_CXX_LANGUAGE_STANDARD = "gnu++17";
				CLANG_CXX_LIBRARY = "libc++";
				CLANG_ENABLE_MODULES = YES;
				CLANG_ENABLE_OBJC_ARC = YES;
				CLANG_ENABLE_OBJC_WEAK = YES;
				CLANG_WARN_BLOCK_CAPTURE_AUTORELEASING = YES;
				CLANG_WARN_BOOL_CONVERSION = YES;
				CLANG_WARN_COMMA = YES;
				CLANG_WARN_CONSTANT_CONVERSION = YES;
				CLANG_WARN_DEPRECATED_OBJC_IMPLEMENTATIONS = YES;
				CLANG_WARN_DIRECT_OBJC_ISA_USAGE = YES_ERROR;
				CLANG_WARN_DOCUMENTATION_COMMENTS = YES;
				CLANG_WARN_EMPTY_BODY = YES;
				CLANG_WARN_ENUM_CONVERSION = YES;
				CLANG_WARN_INFINITE_RECURSION = YES;
				CLANG_WARN_INT_CONVERSION = YES;
				CLANG_WARN_NON_LITERAL_NULL_CONVERSION = YES;
				CLANG_WARN_OBJC_IMPLICIT_RETAIN_SELF = YES;
				CLANG_WARN_OBJC_LITERAL_CONVERSION = YES;
				CLANG_WARN_OBJC_ROOT_CLASS = YES_ERROR;
				CLANG_WARN_QUOTED_INCLUDE_IN_FRAMEWORK_HEADER = YES;
				CLANG_WARN_RANGE_LOOP_ANALYSIS = YES;
				CLANG_WARN_STRICT_PROTOTYPES = YES;
				CLANG_WARN_SUSPICIOUS_MOVE = YES;
				CLANG_WARN_UNGUARDED_AVAILABILITY = YES_AGGRESSIVE;
				CLANG_WARN_UNREACHABLE_CODE = YES;
				CLANG_WARN__DUPLICATE_METHOD_MATCH = YES;
				COPY_PHASE_STRIP = NO;
				DEBUG_INFORMATION_FORMAT = "dwarf-with-dsym";
				ENABLE_NS_ASSERTIONS = NO;
				ENABLE_STRICT_OBJC_MSGSEND = YES;
				GCC_C_LANGUAGE_STANDARD = gnu11;
				GCC_NO_COMMON_BLOCKS = YES;
				GCC_WARN_64_TO_32_BIT_CONVERSION = YES;
				GCC_WARN_ABOUT_RETURN_TYPE = YES_ERROR;
				GCC_WARN_UNDECLARED_SELECTOR = YES;
				GCC_WARN_UNINITIALIZED_AUTOS = YES_AGGRESSIVE;
				GCC_WARN_UNUSED_FUNCTION = YES;
				GCC_WARN_UNUSED_VARIABLE = YES;
				IPHONEOS_DEPLOYMENT_TARGET = 15.0;
				MTL_ENABLE_DEBUG_INFO = NO;
				MTL_FAST_MATH = YES;
				SDKROOT = iphoneos;
				SWIFT_COMPILATION_MODE = wholemodule;
				SWIFT_OPTIMIZATION_LEVEL = "-O";
				VALIDATE_PRODUCT = YES;
			};
			name = Release;
		};
		B8D1414B274FA65D00244EBD /* Debug */ = {
			isa = XCBuildConfiguration;
			buildSettings = {
				ASSETCATALOG_COMPILER_APPICON_NAME = AppIcon;
				ASSETCATALOG_COMPILER_GLOBAL_ACCENT_COLOR_NAME = AccentColor;
				CODE_SIGN_STYLE = Automatic;
				CURRENT_PROJECT_VERSION = 1;
				DEVELOPMENT_ASSET_PATHS = "\"Articels/Preview Content\"";
				DEVELOPMENT_TEAM = H7HSH28V5D;
				ENABLE_PREVIEWS = YES;
				GENERATE_INFOPLIST_FILE = YES;
				INFOPLIST_KEY_UIApplicationSceneManifest_Generation = YES;
				INFOPLIST_KEY_UIApplicationSupportsIndirectInputEvents = YES;
				INFOPLIST_KEY_UILaunchScreen_Generation = YES;
				INFOPLIST_KEY_UISupportedInterfaceOrientations_iPad = "UIInterfaceOrientationPortrait UIInterfaceOrientationPortraitUpsideDown UIInterfaceOrientationLandscapeLeft UIInterfaceOrientationLandscapeRight";
				INFOPLIST_KEY_UISupportedInterfaceOrientations_iPhone = "UIInterfaceOrientationPortrait UIInterfaceOrientationLandscapeLeft UIInterfaceOrientationLandscapeRight";
				LD_RUNPATH_SEARCH_PATHS = (
					"$(inherited)",
					"@executable_path/Frameworks",
				);
				MARKETING_VERSION = 1.0;
				PRODUCT_BUNDLE_IDENTIFIER = com.alnutayfi.NumbersGame.Articels;
				PRODUCT_NAME = "$(TARGET_NAME)";
				SWIFT_EMIT_LOC_STRINGS = YES;
				SWIFT_VERSION = 5.0;
				TARGETED_DEVICE_FAMILY = "1,2";
			};
			name = Debug;
		};
		B8D1414C274FA65D00244EBD /* Release */ = {
			isa = XCBuildConfiguration;
			buildSettings = {
				ASSETCATALOG_COMPILER_APPICON_NAME = AppIcon;
				ASSETCATALOG_COMPILER_GLOBAL_ACCENT_COLOR_NAME = AccentColor;
				CODE_SIGN_STYLE = Automatic;
				CURRENT_PROJECT_VERSION = 1;
				DEVELOPMENT_ASSET_PATHS = "\"Articels/Preview Content\"";
				DEVELOPMENT_TEAM = H7HSH28V5D;
				ENABLE_PREVIEWS = YES;
				GENERATE_INFOPLIST_FILE = YES;
				INFOPLIST_KEY_UIApplicationSceneManifest_Generation = YES;
				INFOPLIST_KEY_UIApplicationSupportsIndirectInputEvents = YES;
				INFOPLIST_KEY_UILaunchScreen_Generation = YES;
				INFOPLIST_KEY_UISupportedInterfaceOrientations_iPad = "UIInterfaceOrientationPortrait UIInterfaceOrientationPortraitUpsideDown UIInterfaceOrientationLandscapeLeft UIInterfaceOrientationLandscapeRight";
				INFOPLIST_KEY_UISupportedInterfaceOrientations_iPhone = "UIInterfaceOrientationPortrait UIInterfaceOrientationLandscapeLeft UIInterfaceOrientationLandscapeRight";
				LD_RUNPATH_SEARCH_PATHS = (
					"$(inherited)",
					"@executable_path/Frameworks",
				);
				MARKETING_VERSION = 1.0;
				PRODUCT_BUNDLE_IDENTIFIER = com.alnutayfi.NumbersGame.Articels;
				PRODUCT_NAME = "$(TARGET_NAME)";
				SWIFT_EMIT_LOC_STRINGS = YES;
				SWIFT_VERSION = 5.0;
				TARGETED_DEVICE_FAMILY = "1,2";
			};
			name = Release;
		};
/* End XCBuildConfiguration section */

/* Begin XCConfigurationList section */
		B8D14137274FA65B00244EBD /* Build configuration list for PBXProject "Articels" */ = {
			isa = XCConfigurationList;
			buildConfigurations = (
				B8D14148274FA65D00244EBD /* Debug */,
				B8D14149274FA65D00244EBD /* Release */,
			);
			defaultConfigurationIsVisible = 0;
			defaultConfigurationName = Release;
		};
		B8D1414A274FA65D00244EBD /* Build configuration list for PBXNativeTarget "Articels" */ = {
			isa = XCConfigurationList;
			buildConfigurations = (
				B8D1414B274FA65D00244EBD /* Debug */,
				B8D1414C274FA65D00244EBD /* Release */,
			);
			defaultConfigurationIsVisible = 0;
			defaultConfigurationName = Release;
		};
/* End XCConfigurationList section */

/* Begin XCVersionGroup section */
		B8D1414D274FA6A000244EBD /* ArticlesDataModel.xcdatamodeld */ = {
			isa = XCVersionGroup;
			children = (
				B8D1414E274FA6A000244EBD /* ArticlesDataModel.xcdatamodel */,
			);
			currentVersion = B8D1414E274FA6A000244EBD /* ArticlesDataModel.xcdatamodel */;
			path = ArticlesDataModel.xcdatamodeld;
			sourceTree = "<group>";
			versionGroupType = wrapper.xcdatamodel;
		};
/* End XCVersionGroup section */
	};
	rootObject = B8D14134274FA65B00244EBD /* Project object */;
}
